// !$*UTF8*$!
{
	archiveVersion = 1;
	classes = {
	};
	objectVersion = 56;
	objects = {

/* Begin PBXBuildFile section */
		270261C8294D83BC0075D729 /* SolarSystemView.swift in Sources */ = {isa = PBXBuildFile; fileRef = 270261C7294D83BC0075D729 /* SolarSystemView.swift */; };
		2708CDB6293B694C005CD387 /* PlanetsViewShimmerCollectionViewCell.swift in Sources */ = {isa = PBXBuildFile; fileRef = 2708CDB5293B694C005CD387 /* PlanetsViewShimmerCollectionViewCell.swift */; };
		2708CDB8293B8387005CD387 /* PlanetsListDataSource.swift in Sources */ = {isa = PBXBuildFile; fileRef = 2708CDB7293B8387005CD387 /* PlanetsListDataSource.swift */; };
		2708CDBA293B927C005CD387 /* PlanetsCollectionView.swift in Sources */ = {isa = PBXBuildFile; fileRef = 2708CDB9293B927C005CD387 /* PlanetsCollectionView.swift */; };
		2730BD90294F8B5F006373D6 /* SpinnerViewController.swift in Sources */ = {isa = PBXBuildFile; fileRef = 2730BD8F294F8B5F006373D6 /* SpinnerViewController.swift */; };
		277D52CD2940148E008E0DD6 /* PlanetViewController.swift in Sources */ = {isa = PBXBuildFile; fileRef = 277D52CC2940148E008E0DD6 /* PlanetViewController.swift */; };
		277D52CF29440CD2008E0DD6 /* PlanetsListCollectionDelegate.swift in Sources */ = {isa = PBXBuildFile; fileRef = 277D52CE29440CD2008E0DD6 /* PlanetsListCollectionDelegate.swift */; };
		2797C85C28CC38C900CC5911 /* AppDelegate.swift in Sources */ = {isa = PBXBuildFile; fileRef = 2797C85B28CC38C900CC5911 /* AppDelegate.swift */; };
		2797C85E28CC38C900CC5911 /* SceneDelegate.swift in Sources */ = {isa = PBXBuildFile; fileRef = 2797C85D28CC38C900CC5911 /* SceneDelegate.swift */; };
		2797C86028CC38C900CC5911 /* SolarSystemViewController.swift in Sources */ = {isa = PBXBuildFile; fileRef = 2797C85F28CC38C900CC5911 /* SolarSystemViewController.swift */; };
		2797C86528CC38CA00CC5911 /* Assets.xcassets in Resources */ = {isa = PBXBuildFile; fileRef = 2797C86428CC38CA00CC5911 /* Assets.xcassets */; };
		2797C86828CC38CA00CC5911 /* LaunchScreen.storyboard in Resources */ = {isa = PBXBuildFile; fileRef = 2797C86628CC38CA00CC5911 /* LaunchScreen.storyboard */; };
		2797C87328CCBF1A00CC5911 /* CodableView.swift in Sources */ = {isa = PBXBuildFile; fileRef = 2797C87228CCBF1A00CC5911 /* CodableView.swift */; };
		2797C87628CCCDF600CC5911 /* PlanetsCollectionViewCell.swift in Sources */ = {isa = PBXBuildFile; fileRef = 2797C87528CCCDF600CC5911 /* PlanetsCollectionViewCell.swift */; };
		27C8A79928E66BDB0083EC83 /* APIClient.swift in Sources */ = {isa = PBXBuildFile; fileRef = 27C8A79828E66BDB0083EC83 /* APIClient.swift */; };
		27C8A79B28E66BE80083EC83 /* Endpoints.swift in Sources */ = {isa = PBXBuildFile; fileRef = 27C8A79A28E66BE80083EC83 /* Endpoints.swift */; };
		27C8A79D28E66C590083EC83 /* APIClientProtocols.swift in Sources */ = {isa = PBXBuildFile; fileRef = 27C8A79C28E66C590083EC83 /* APIClientProtocols.swift */; };
		27C8A79F28E66E120083EC83 /* Utils.swift in Sources */ = {isa = PBXBuildFile; fileRef = 27C8A79E28E66E120083EC83 /* Utils.swift */; };
		27C8A7A228E670A60083EC83 /* SolarSystemModel.swift in Sources */ = {isa = PBXBuildFile; fileRef = 27C8A7A128E670A50083EC83 /* SolarSystemModel.swift */; };
		27C8A7A528E677AE0083EC83 /* SolarSystemPresenter.swift in Sources */ = {isa = PBXBuildFile; fileRef = 27C8A7A428E677AE0083EC83 /* SolarSystemPresenter.swift */; };
		27CCE7F628D2B25C0047CBDF /* Extension.swift in Sources */ = {isa = PBXBuildFile; fileRef = 27CCE7F528D2B25C0047CBDF /* Extension.swift */; };
		27E7F2152952AA1400C8116E /* PlanetInfoCoordinator.swift in Sources */ = {isa = PBXBuildFile; fileRef = 27E7F2142952AA1400C8116E /* PlanetInfoCoordinator.swift */; };
		27E8C752291F0E85000CF589 /* SolarSystemRepository.swift in Sources */ = {isa = PBXBuildFile; fileRef = 27E8C751291F0E85000CF589 /* SolarSystemRepository.swift */; };
		27E8C754291F1984000CF589 /* CoordinatorProtocol.swift in Sources */ = {isa = PBXBuildFile; fileRef = 27E8C753291F1984000CF589 /* CoordinatorProtocol.swift */; };
		27E8C756291F19C6000CF589 /* ApplicationCoordinator.swift in Sources */ = {isa = PBXBuildFile; fileRef = 27E8C755291F19C6000CF589 /* ApplicationCoordinator.swift */; };
		A5B06BF5CBCB7BFCB5D9CAF2 /* Pods_NewSpaceApp.framework in Frameworks */ = {isa = PBXBuildFile; fileRef = 3428DD421EAB8B9523D2BE4C /* Pods_NewSpaceApp.framework */; };
/* End PBXBuildFile section */

/* Begin PBXFileReference section */
		270261C7294D83BC0075D729 /* SolarSystemView.swift */ = {isa = PBXFileReference; lastKnownFileType = sourcecode.swift; path = SolarSystemView.swift; sourceTree = "<group>"; };
		2708CDB5293B694C005CD387 /* PlanetsViewShimmerCollectionViewCell.swift */ = {isa = PBXFileReference; lastKnownFileType = sourcecode.swift; path = PlanetsViewShimmerCollectionViewCell.swift; sourceTree = "<group>"; };
		2708CDB7293B8387005CD387 /* PlanetsListDataSource.swift */ = {isa = PBXFileReference; lastKnownFileType = sourcecode.swift; path = PlanetsListDataSource.swift; sourceTree = "<group>"; };
		2708CDB9293B927C005CD387 /* PlanetsCollectionView.swift */ = {isa = PBXFileReference; lastKnownFileType = sourcecode.swift; path = PlanetsCollectionView.swift; sourceTree = "<group>"; };
		2730BD8F294F8B5F006373D6 /* SpinnerViewController.swift */ = {isa = PBXFileReference; lastKnownFileType = sourcecode.swift; path = SpinnerViewController.swift; sourceTree = "<group>"; };
		277D52CC2940148E008E0DD6 /* PlanetViewController.swift */ = {isa = PBXFileReference; lastKnownFileType = sourcecode.swift; path = PlanetViewController.swift; sourceTree = "<group>"; };
		277D52CE29440CD2008E0DD6 /* PlanetsListCollectionDelegate.swift */ = {isa = PBXFileReference; lastKnownFileType = sourcecode.swift; path = PlanetsListCollectionDelegate.swift; sourceTree = "<group>"; };
		2797C85828CC38C900CC5911 /* NewSpaceApp.app */ = {isa = PBXFileReference; explicitFileType = wrapper.application; includeInIndex = 0; path = NewSpaceApp.app; sourceTree = BUILT_PRODUCTS_DIR; };
		2797C85B28CC38C900CC5911 /* AppDelegate.swift */ = {isa = PBXFileReference; lastKnownFileType = sourcecode.swift; path = AppDelegate.swift; sourceTree = "<group>"; };
		2797C85D28CC38C900CC5911 /* SceneDelegate.swift */ = {isa = PBXFileReference; lastKnownFileType = sourcecode.swift; path = SceneDelegate.swift; sourceTree = "<group>"; };
		2797C85F28CC38C900CC5911 /* SolarSystemViewController.swift */ = {isa = PBXFileReference; lastKnownFileType = sourcecode.swift; path = SolarSystemViewController.swift; sourceTree = "<group>"; };
		2797C86428CC38CA00CC5911 /* Assets.xcassets */ = {isa = PBXFileReference; lastKnownFileType = folder.assetcatalog; path = Assets.xcassets; sourceTree = "<group>"; };
		2797C86728CC38CA00CC5911 /* Base */ = {isa = PBXFileReference; lastKnownFileType = file.storyboard; name = Base; path = Base.lproj/LaunchScreen.storyboard; sourceTree = "<group>"; };
		2797C86928CC38CA00CC5911 /* Info.plist */ = {isa = PBXFileReference; lastKnownFileType = text.plist.xml; path = Info.plist; sourceTree = "<group>"; };
		2797C87228CCBF1A00CC5911 /* CodableView.swift */ = {isa = PBXFileReference; lastKnownFileType = sourcecode.swift; path = CodableView.swift; sourceTree = "<group>"; };
		2797C87528CCCDF600CC5911 /* PlanetsCollectionViewCell.swift */ = {isa = PBXFileReference; lastKnownFileType = sourcecode.swift; path = PlanetsCollectionViewCell.swift; sourceTree = "<group>"; };
		27C8A79828E66BDB0083EC83 /* APIClient.swift */ = {isa = PBXFileReference; lastKnownFileType = sourcecode.swift; path = APIClient.swift; sourceTree = "<group>"; };
		27C8A79A28E66BE80083EC83 /* Endpoints.swift */ = {isa = PBXFileReference; lastKnownFileType = sourcecode.swift; path = Endpoints.swift; sourceTree = "<group>"; };
		27C8A79C28E66C590083EC83 /* APIClientProtocols.swift */ = {isa = PBXFileReference; lastKnownFileType = sourcecode.swift; path = APIClientProtocols.swift; sourceTree = "<group>"; };
		27C8A79E28E66E120083EC83 /* Utils.swift */ = {isa = PBXFileReference; lastKnownFileType = sourcecode.swift; path = Utils.swift; sourceTree = "<group>"; };
		27C8A7A128E670A50083EC83 /* SolarSystemModel.swift */ = {isa = PBXFileReference; lastKnownFileType = sourcecode.swift; path = SolarSystemModel.swift; sourceTree = "<group>"; };
		27C8A7A428E677AE0083EC83 /* SolarSystemPresenter.swift */ = {isa = PBXFileReference; lastKnownFileType = sourcecode.swift; path = SolarSystemPresenter.swift; sourceTree = "<group>"; };
		27CCE7F528D2B25C0047CBDF /* Extension.swift */ = {isa = PBXFileReference; lastKnownFileType = sourcecode.swift; path = Extension.swift; sourceTree = "<group>"; };
		27E7F2142952AA1400C8116E /* PlanetInfoCoordinator.swift */ = {isa = PBXFileReference; lastKnownFileType = sourcecode.swift; path = PlanetInfoCoordinator.swift; sourceTree = "<group>"; };
		27E8C751291F0E85000CF589 /* SolarSystemRepository.swift */ = {isa = PBXFileReference; lastKnownFileType = sourcecode.swift; path = SolarSystemRepository.swift; sourceTree = "<group>"; };
		27E8C753291F1984000CF589 /* CoordinatorProtocol.swift */ = {isa = PBXFileReference; lastKnownFileType = sourcecode.swift; path = CoordinatorProtocol.swift; sourceTree = "<group>"; };
		27E8C755291F19C6000CF589 /* ApplicationCoordinator.swift */ = {isa = PBXFileReference; lastKnownFileType = sourcecode.swift; path = ApplicationCoordinator.swift; sourceTree = "<group>"; };
		3428DD421EAB8B9523D2BE4C /* Pods_NewSpaceApp.framework */ = {isa = PBXFileReference; explicitFileType = wrapper.framework; includeInIndex = 0; path = Pods_NewSpaceApp.framework; sourceTree = BUILT_PRODUCTS_DIR; };
		F5F7DEEA4C14A738E2588757 /* Pods-NewSpaceApp.release.xcconfig */ = {isa = PBXFileReference; includeInIndex = 1; lastKnownFileType = text.xcconfig; name = "Pods-NewSpaceApp.release.xcconfig"; path = "Target Support Files/Pods-NewSpaceApp/Pods-NewSpaceApp.release.xcconfig"; sourceTree = "<group>"; };
		F99735A48E58B8CAEA8A40B8 /* Pods-NewSpaceApp.debug.xcconfig */ = {isa = PBXFileReference; includeInIndex = 1; lastKnownFileType = text.xcconfig; name = "Pods-NewSpaceApp.debug.xcconfig"; path = "Target Support Files/Pods-NewSpaceApp/Pods-NewSpaceApp.debug.xcconfig"; sourceTree = "<group>"; };
/* End PBXFileReference section */

/* Begin PBXFrameworksBuildPhase section */
		2797C85528CC38C900CC5911 /* Frameworks */ = {
			isa = PBXFrameworksBuildPhase;
			buildActionMask = 2147483647;
			files = (
				A5B06BF5CBCB7BFCB5D9CAF2 /* Pods_NewSpaceApp.framework in Frameworks */,
			);
			runOnlyForDeploymentPostprocessing = 0;
		};
/* End PBXFrameworksBuildPhase section */

/* Begin PBXGroup section */
		270261C0294D80AD0075D729 /* Controller */ = {
			isa = PBXGroup;
			children = (
				2797C85F28CC38C900CC5911 /* SolarSystemViewController.swift */,
				270261C1294D80BA0075D729 /* Collection */,
			);
			path = Controller;
			sourceTree = "<group>";
		};
		270261C1294D80BA0075D729 /* Collection */ = {
			isa = PBXGroup;
			children = (
				2708CDB9293B927C005CD387 /* PlanetsCollectionView.swift */,
				270261C3294D80DE0075D729 /* Delegate */,
				270261C2294D80D80075D729 /* DataSource */,
				2797C87428CCCDD700CC5911 /* Cell */,
			);
			path = Collection;
			sourceTree = "<group>";
		};
		270261C2294D80D80075D729 /* DataSource */ = {
			isa = PBXGroup;
			children = (
				2708CDB7293B8387005CD387 /* PlanetsListDataSource.swift */,
			);
			path = DataSource;
			sourceTree = "<group>";
		};
		270261C3294D80DE0075D729 /* Delegate */ = {
			isa = PBXGroup;
			children = (
				277D52CE29440CD2008E0DD6 /* PlanetsListCollectionDelegate.swift */,
			);
			path = Delegate;
			sourceTree = "<group>";
		};
		270261C4294D80FE0075D729 /* SolarSystem */ = {
			isa = PBXGroup;
			children = (
				270261C6294D82F70075D729 /* View */,
				270261C0294D80AD0075D729 /* Controller */,
			);
			path = SolarSystem;
			sourceTree = "<group>";
		};
		270261C5294D815B0075D729 /* Planet */ = {
			isa = PBXGroup;
			children = (
				277D52CC2940148E008E0DD6 /* PlanetViewController.swift */,
			);
			path = Planet;
			sourceTree = "<group>";
		};
		270261C6294D82F70075D729 /* View */ = {
			isa = PBXGroup;
			children = (
				270261C7294D83BC0075D729 /* SolarSystemView.swift */,
				2730BD8F294F8B5F006373D6 /* SpinnerViewController.swift */,
			);
			path = View;
			sourceTree = "<group>";
		};
		2797C84F28CC38C900CC5911 = {
			isa = PBXGroup;
			children = (
				2797C85A28CC38C900CC5911 /* NewSpaceApp */,
				2797C85928CC38C900CC5911 /* Products */,
				C5782A2AEB8755E494FE98F5 /* Pods */,
				D2A28E30805D5F93E7BAE4B9 /* Frameworks */,
			);
			sourceTree = "<group>";
		};
		2797C85928CC38C900CC5911 /* Products */ = {
			isa = PBXGroup;
			children = (
				2797C85828CC38C900CC5911 /* NewSpaceApp.app */,
			);
			name = Products;
			sourceTree = "<group>";
		};
		2797C85A28CC38C900CC5911 /* NewSpaceApp */ = {
			isa = PBXGroup;
			children = (
				2797C85D28CC38C900CC5911 /* SceneDelegate.swift */,
				2797C85B28CC38C900CC5911 /* AppDelegate.swift */,
				27A0D53829271B6400FA57E1 /* Service */,
				27C8A7A028E670950083EC83 /* Model */,
				2797C87028CC391600CC5911 /* View */,
				27C8A7A328E677A10083EC83 /* Presenter */,
				27E8C74F291F035A000CF589 /* Coordinator */,
				27C8A79728E66BCF0083EC83 /* Repository */,
				2797C87128CCBF1100CC5911 /* Utils  */,
				2797C86F28CC38E000CC5911 /* Files */,
			);
			path = NewSpaceApp;
			sourceTree = "<group>";
		};
		2797C86F28CC38E000CC5911 /* Files */ = {
			isa = PBXGroup;
			children = (
				2797C86428CC38CA00CC5911 /* Assets.xcassets */,
				2797C86628CC38CA00CC5911 /* LaunchScreen.storyboard */,
				2797C86928CC38CA00CC5911 /* Info.plist */,
			);
			name = Files;
			sourceTree = "<group>";
		};
		2797C87028CC391600CC5911 /* View */ = {
			isa = PBXGroup;
			children = (
				270261C5294D815B0075D729 /* Planet */,
				270261C4294D80FE0075D729 /* SolarSystem */,
			);
			path = View;
			sourceTree = "<group>";
		};
		2797C87128CCBF1100CC5911 /* Utils  */ = {
			isa = PBXGroup;
			children = (
				2797C87228CCBF1A00CC5911 /* CodableView.swift */,
				27CCE7F528D2B25C0047CBDF /* Extension.swift */,
				27C8A79E28E66E120083EC83 /* Utils.swift */,
			);
			path = "Utils ";
			sourceTree = "<group>";
		};
		2797C87428CCCDD700CC5911 /* Cell */ = {
			isa = PBXGroup;
			children = (
				2797C87528CCCDF600CC5911 /* PlanetsCollectionViewCell.swift */,
				2708CDB5293B694C005CD387 /* PlanetsViewShimmerCollectionViewCell.swift */,
			);
			path = Cell;
			sourceTree = "<group>";
		};
		27A0D53829271B6400FA57E1 /* Service */ = {
			isa = PBXGroup;
			children = (
				27C8A79828E66BDB0083EC83 /* APIClient.swift */,
				27C8A79A28E66BE80083EC83 /* Endpoints.swift */,
				27C8A79C28E66C590083EC83 /* APIClientProtocols.swift */,
			);
			path = Service;
			sourceTree = "<group>";
		};
		27C8A79728E66BCF0083EC83 /* Repository */ = {
			isa = PBXGroup;
			children = (
				27E8C751291F0E85000CF589 /* SolarSystemRepository.swift */,
			);
			path = Repository;
			sourceTree = "<group>";
		};
		27C8A7A028E670950083EC83 /* Model */ = {
			isa = PBXGroup;
			children = (
				27C8A7A128E670A50083EC83 /* SolarSystemModel.swift */,
			);
			path = Model;
			sourceTree = "<group>";
		};
		27C8A7A328E677A10083EC83 /* Presenter */ = {
			isa = PBXGroup;
			children = (
				27C8A7A428E677AE0083EC83 /* SolarSystemPresenter.swift */,
			);
			path = Presenter;
			sourceTree = "<group>";
		};
		27E8C74F291F035A000CF589 /* Coordinator */ = {
			isa = PBXGroup;
			children = (
				27E8C755291F19C6000CF589 /* ApplicationCoordinator.swift */,
				27E8C753291F1984000CF589 /* CoordinatorProtocol.swift */,
				27E7F2142952AA1400C8116E /* PlanetInfoCoordinator.swift */,
			);
			path = Coordinator;
			sourceTree = "<group>";
		};
		C5782A2AEB8755E494FE98F5 /* Pods */ = {
			isa = PBXGroup;
			children = (
				F99735A48E58B8CAEA8A40B8 /* Pods-NewSpaceApp.debug.xcconfig */,
				F5F7DEEA4C14A738E2588757 /* Pods-NewSpaceApp.release.xcconfig */,
			);
			path = Pods;
			sourceTree = "<group>";
		};
		D2A28E30805D5F93E7BAE4B9 /* Frameworks */ = {
			isa = PBXGroup;
			children = (
				3428DD421EAB8B9523D2BE4C /* Pods_NewSpaceApp.framework */,
			);
			name = Frameworks;
			sourceTree = "<group>";
		};
/* End PBXGroup section */

/* Begin PBXNativeTarget section */
		2797C85728CC38C900CC5911 /* NewSpaceApp */ = {
			isa = PBXNativeTarget;
			buildConfigurationList = 2797C86C28CC38CA00CC5911 /* Build configuration list for PBXNativeTarget "NewSpaceApp" */;
			buildPhases = (
				6FD2DA940AB28F647A7A18A5 /* [CP] Check Pods Manifest.lock */,
				2797C85428CC38C900CC5911 /* Sources */,
				2797C85528CC38C900CC5911 /* Frameworks */,
				2797C85628CC38C900CC5911 /* Resources */,
				9601E3662C84EFE6AEB56AB9 /* [CP] Embed Pods Frameworks */,
			);
			buildRules = (
			);
			dependencies = (
			);
			name = NewSpaceApp;
			productName = NewSpaceApp;
			productReference = 2797C85828CC38C900CC5911 /* NewSpaceApp.app */;
			productType = "com.apple.product-type.application";
		};
/* End PBXNativeTarget section */

/* Begin PBXProject section */
		2797C85028CC38C900CC5911 /* Project object */ = {
			isa = PBXProject;
			attributes = {
				BuildIndependentTargetsInParallel = 1;
				LastSwiftUpdateCheck = 1400;
				LastUpgradeCheck = 1400;
				TargetAttributes = {
					2797C85728CC38C900CC5911 = {
						CreatedOnToolsVersion = 14.0;
					};
				};
			};
			buildConfigurationList = 2797C85328CC38C900CC5911 /* Build configuration list for PBXProject "NewSpaceApp" */;
			compatibilityVersion = "Xcode 14.0";
			developmentRegion = en;
			hasScannedForEncodings = 0;
			knownRegions = (
				en,
				Base,
			);
			mainGroup = 2797C84F28CC38C900CC5911;
			productRefGroup = 2797C85928CC38C900CC5911 /* Products */;
			projectDirPath = "";
			projectRoot = "";
			targets = (
				2797C85728CC38C900CC5911 /* NewSpaceApp */,
			);
		};
/* End PBXProject section */

/* Begin PBXResourcesBuildPhase section */
		2797C85628CC38C900CC5911 /* Resources */ = {
			isa = PBXResourcesBuildPhase;
			buildActionMask = 2147483647;
			files = (
				2797C86828CC38CA00CC5911 /* LaunchScreen.storyboard in Resources */,
				2797C86528CC38CA00CC5911 /* Assets.xcassets in Resources */,
			);
			runOnlyForDeploymentPostprocessing = 0;
		};
/* End PBXResourcesBuildPhase section */

/* Begin PBXShellScriptBuildPhase section */
		6FD2DA940AB28F647A7A18A5 /* [CP] Check Pods Manifest.lock */ = {
			isa = PBXShellScriptBuildPhase;
			buildActionMask = 2147483647;
			files = (
			);
			inputFileListPaths = (
			);
			inputPaths = (
				"${PODS_PODFILE_DIR_PATH}/Podfile.lock",
				"${PODS_ROOT}/Manifest.lock",
			);
			name = "[CP] Check Pods Manifest.lock";
			outputFileListPaths = (
			);
			outputPaths = (
				"$(DERIVED_FILE_DIR)/Pods-NewSpaceApp-checkManifestLockResult.txt",
			);
			runOnlyForDeploymentPostprocessing = 0;
			shellPath = /bin/sh;
			shellScript = "diff \"${PODS_PODFILE_DIR_PATH}/Podfile.lock\" \"${PODS_ROOT}/Manifest.lock\" > /dev/null\nif [ $? != 0 ] ; then\n    # print error to STDERR\n    echo \"error: The sandbox is not in sync with the Podfile.lock. Run 'pod install' or update your CocoaPods installation.\" >&2\n    exit 1\nfi\n# This output is used by Xcode 'outputs' to avoid re-running this script phase.\necho \"SUCCESS\" > \"${SCRIPT_OUTPUT_FILE_0}\"\n";
			showEnvVarsInLog = 0;
		};
		9601E3662C84EFE6AEB56AB9 /* [CP] Embed Pods Frameworks */ = {
			isa = PBXShellScriptBuildPhase;
			buildActionMask = 2147483647;
			files = (
			);
			inputFileListPaths = (
				"${PODS_ROOT}/Target Support Files/Pods-NewSpaceApp/Pods-NewSpaceApp-frameworks-${CONFIGURATION}-input-files.xcfilelist",
			);
			name = "[CP] Embed Pods Frameworks";
			outputFileListPaths = (
				"${PODS_ROOT}/Target Support Files/Pods-NewSpaceApp/Pods-NewSpaceApp-frameworks-${CONFIGURATION}-output-files.xcfilelist",
			);
			runOnlyForDeploymentPostprocessing = 0;
			shellPath = /bin/sh;
			shellScript = "\"${PODS_ROOT}/Target Support Files/Pods-NewSpaceApp/Pods-NewSpaceApp-frameworks.sh\"\n";
			showEnvVarsInLog = 0;
		};
/* End PBXShellScriptBuildPhase section */

/* Begin PBXSourcesBuildPhase section */
		2797C85428CC38C900CC5911 /* Sources */ = {
			isa = PBXSourcesBuildPhase;
			buildActionMask = 2147483647;
			files = (
				2730BD90294F8B5F006373D6 /* SpinnerViewController.swift in Sources */,
				27C8A79D28E66C590083EC83 /* APIClientProtocols.swift in Sources */,
				27E7F2152952AA1400C8116E /* PlanetInfoCoordinator.swift in Sources */,
				27C8A79F28E66E120083EC83 /* Utils.swift in Sources */,
				2797C86028CC38C900CC5911 /* SolarSystemViewController.swift in Sources */,
				27C8A79928E66BDB0083EC83 /* APIClient.swift in Sources */,
				27C8A7A528E677AE0083EC83 /* SolarSystemPresenter.swift in Sources */,
				27E8C756291F19C6000CF589 /* ApplicationCoordinator.swift in Sources */,
				2708CDB8293B8387005CD387 /* PlanetsListDataSource.swift in Sources */,
				2797C87328CCBF1A00CC5911 /* CodableView.swift in Sources */,
				277D52CD2940148E008E0DD6 /* PlanetViewController.swift in Sources */,
				270261C8294D83BC0075D729 /* SolarSystemView.swift in Sources */,
				27E8C754291F1984000CF589 /* CoordinatorProtocol.swift in Sources */,
				2708CDB6293B694C005CD387 /* PlanetsViewShimmerCollectionViewCell.swift in Sources */,
				2797C87628CCCDF600CC5911 /* PlanetsCollectionViewCell.swift in Sources */,
				27E8C752291F0E85000CF589 /* SolarSystemRepository.swift in Sources */,
				27CCE7F628D2B25C0047CBDF /* Extension.swift in Sources */,
				277D52CF29440CD2008E0DD6 /* PlanetsListCollectionDelegate.swift in Sources */,
				2708CDBA293B927C005CD387 /* PlanetsCollectionView.swift in Sources */,
				2797C85C28CC38C900CC5911 /* AppDelegate.swift in Sources */,
				27C8A79B28E66BE80083EC83 /* Endpoints.swift in Sources */,
				2797C85E28CC38C900CC5911 /* SceneDelegate.swift in Sources */,
				27C8A7A228E670A60083EC83 /* SolarSystemModel.swift in Sources */,
			);
			runOnlyForDeploymentPostprocessing = 0;
		};
/* End PBXSourcesBuildPhase section */

/* Begin PBXVariantGroup section */
		2797C86628CC38CA00CC5911 /* LaunchScreen.storyboard */ = {
			isa = PBXVariantGroup;
			children = (
				2797C86728CC38CA00CC5911 /* Base */,
			);
			name = LaunchScreen.storyboard;
			sourceTree = "<group>";
		};
/* End PBXVariantGroup section */

/* Begin XCBuildConfiguration section */
		2797C86A28CC38CA00CC5911 /* Debug */ = {
			isa = XCBuildConfiguration;
			buildSettings = {
				ALWAYS_SEARCH_USER_PATHS = NO;
				CLANG_ANALYZER_NONNULL = YES;
				CLANG_ANALYZER_NUMBER_OBJECT_CONVERSION = YES_AGGRESSIVE;
				CLANG_CXX_LANGUAGE_STANDARD = "gnu++20";
				CLANG_ENABLE_MODULES = YES;
				CLANG_ENABLE_OBJC_ARC = YES;
				CLANG_ENABLE_OBJC_WEAK = YES;
				CLANG_WARN_BLOCK_CAPTURE_AUTORELEASING = YES;
				CLANG_WARN_BOOL_CONVERSION = YES;
				CLANG_WARN_COMMA = YES;
				CLANG_WARN_CONSTANT_CONVERSION = YES;
				CLANG_WARN_DEPRECATED_OBJC_IMPLEMENTATIONS = YES;
				CLANG_WARN_DIRECT_OBJC_ISA_USAGE = YES_ERROR;
				CLANG_WARN_DOCUMENTATION_COMMENTS = YES;
				CLANG_WARN_EMPTY_BODY = YES;
				CLANG_WARN_ENUM_CONVERSION = YES;
				CLANG_WARN_INFINITE_RECURSION = YES;
				CLANG_WARN_INT_CONVERSION = YES;
				CLANG_WARN_NON_LITERAL_NULL_CONVERSION = YES;
				CLANG_WARN_OBJC_IMPLICIT_RETAIN_SELF = YES;
				CLANG_WARN_OBJC_LITERAL_CONVERSION = YES;
				CLANG_WARN_OBJC_ROOT_CLASS = YES_ERROR;
				CLANG_WARN_QUOTED_INCLUDE_IN_FRAMEWORK_HEADER = YES;
				CLANG_WARN_RANGE_LOOP_ANALYSIS = YES;
				CLANG_WARN_STRICT_PROTOTYPES = YES;
				CLANG_WARN_SUSPICIOUS_MOVE = YES;
				CLANG_WARN_UNGUARDED_AVAILABILITY = YES_AGGRESSIVE;
				CLANG_WARN_UNREACHABLE_CODE = YES;
				CLANG_WARN__DUPLICATE_METHOD_MATCH = YES;
				COPY_PHASE_STRIP = NO;
				DEBUG_INFORMATION_FORMAT = dwarf;
				ENABLE_STRICT_OBJC_MSGSEND = YES;
				ENABLE_TESTABILITY = YES;
				GCC_C_LANGUAGE_STANDARD = gnu11;
				GCC_DYNAMIC_NO_PIC = NO;
				GCC_NO_COMMON_BLOCKS = YES;
				GCC_OPTIMIZATION_LEVEL = 0;
				GCC_PREPROCESSOR_DEFINITIONS = (
					"DEBUG=1",
					"$(inherited)",
				);
				GCC_WARN_64_TO_32_BIT_CONVERSION = YES;
				GCC_WARN_ABOUT_RETURN_TYPE = YES_ERROR;
				GCC_WARN_UNDECLARED_SELECTOR = YES;
				GCC_WARN_UNINITIALIZED_AUTOS = YES_AGGRESSIVE;
				GCC_WARN_UNUSED_FUNCTION = YES;
				GCC_WARN_UNUSED_VARIABLE = YES;
				IPHONEOS_DEPLOYMENT_TARGET = 16.0;
				MTL_ENABLE_DEBUG_INFO = INCLUDE_SOURCE;
				MTL_FAST_MATH = YES;
				ONLY_ACTIVE_ARCH = YES;
				SDKROOT = iphoneos;
				SWIFT_ACTIVE_COMPILATION_CONDITIONS = DEBUG;
				SWIFT_OPTIMIZATION_LEVEL = "-Onone";
			};
			name = Debug;
		};
		2797C86B28CC38CA00CC5911 /* Release */ = {
			isa = XCBuildConfiguration;
			buildSettings = {
				ALWAYS_SEARCH_USER_PATHS = NO;
				CLANG_ANALYZER_NONNULL = YES;
				CLANG_ANALYZER_NUMBER_OBJECT_CONVERSION = YES_AGGRESSIVE;
				CLANG_CXX_LANGUAGE_STANDARD = "gnu++20";
				CLANG_ENABLE_MODULES = YES;
				CLANG_ENABLE_OBJC_ARC = YES;
				CLANG_ENABLE_OBJC_WEAK = YES;
				CLANG_WARN_BLOCK_CAPTURE_AUTORELEASING = YES;
				CLANG_WARN_BOOL_CONVERSION = YES;
				CLANG_WARN_COMMA = YES;
				CLANG_WARN_CONSTANT_CONVERSION = YES;
				CLANG_WARN_DEPRECATED_OBJC_IMPLEMENTATIONS = YES;
				CLANG_WARN_DIRECT_OBJC_ISA_USAGE = YES_ERROR;
				CLANG_WARN_DOCUMENTATION_COMMENTS = YES;
				CLANG_WARN_EMPTY_BODY = YES;
				CLANG_WARN_ENUM_CONVERSION = YES;
				CLANG_WARN_INFINITE_RECURSION = YES;
				CLANG_WARN_INT_CONVERSION = YES;
				CLANG_WARN_NON_LITERAL_NULL_CONVERSION = YES;
				CLANG_WARN_OBJC_IMPLICIT_RETAIN_SELF = YES;
				CLANG_WARN_OBJC_LITERAL_CONVERSION = YES;
				CLANG_WARN_OBJC_ROOT_CLASS = YES_ERROR;
				CLANG_WARN_QUOTED_INCLUDE_IN_FRAMEWORK_HEADER = YES;
				CLANG_WARN_RANGE_LOOP_ANALYSIS = YES;
				CLANG_WARN_STRICT_PROTOTYPES = YES;
				CLANG_WARN_SUSPICIOUS_MOVE = YES;
				CLANG_WARN_UNGUARDED_AVAILABILITY = YES_AGGRESSIVE;
				CLANG_WARN_UNREACHABLE_CODE = YES;
				CLANG_WARN__DUPLICATE_METHOD_MATCH = YES;
				COPY_PHASE_STRIP = NO;
				DEBUG_INFORMATION_FORMAT = "dwarf-with-dsym";
				ENABLE_NS_ASSERTIONS = NO;
				ENABLE_STRICT_OBJC_MSGSEND = YES;
				GCC_C_LANGUAGE_STANDARD = gnu11;
				GCC_NO_COMMON_BLOCKS = YES;
				GCC_WARN_64_TO_32_BIT_CONVERSION = YES;
				GCC_WARN_ABOUT_RETURN_TYPE = YES_ERROR;
				GCC_WARN_UNDECLARED_SELECTOR = YES;
				GCC_WARN_UNINITIALIZED_AUTOS = YES_AGGRESSIVE;
				GCC_WARN_UNUSED_FUNCTION = YES;
				GCC_WARN_UNUSED_VARIABLE = YES;
				IPHONEOS_DEPLOYMENT_TARGET = 16.0;
				MTL_ENABLE_DEBUG_INFO = NO;
				MTL_FAST_MATH = YES;
				SDKROOT = iphoneos;
				SWIFT_COMPILATION_MODE = wholemodule;
				SWIFT_OPTIMIZATION_LEVEL = "-O";
				VALIDATE_PRODUCT = YES;
			};
			name = Release;
		};
		2797C86D28CC38CA00CC5911 /* Debug */ = {
			isa = XCBuildConfiguration;
			baseConfigurationReference = F99735A48E58B8CAEA8A40B8 /* Pods-NewSpaceApp.debug.xcconfig */;
			buildSettings = {
				ASSETCATALOG_COMPILER_APPICON_NAME = AppIcon;
				ASSETCATALOG_COMPILER_GLOBAL_ACCENT_COLOR_NAME = AccentColor;
				CODE_SIGN_STYLE = Automatic;
				CURRENT_PROJECT_VERSION = 1;
				DEVELOPMENT_TEAM = 56293NUR34;
				GENERATE_INFOPLIST_FILE = YES;
				INFOPLIST_FILE = NewSpaceApp/Info.plist;
				INFOPLIST_KEY_UIApplicationSupportsIndirectInputEvents = YES;
				INFOPLIST_KEY_UILaunchStoryboardName = LaunchScreen;
				INFOPLIST_KEY_UISupportedInterfaceOrientations_iPad = "UIInterfaceOrientationPortrait UIInterfaceOrientationPortraitUpsideDown UIInterfaceOrientationLandscapeLeft UIInterfaceOrientationLandscapeRight";
				INFOPLIST_KEY_UISupportedInterfaceOrientations_iPhone = "UIInterfaceOrientationPortrait UIInterfaceOrientationLandscapeLeft UIInterfaceOrientationLandscapeRight";
				LD_RUNPATH_SEARCH_PATHS = (
					"$(inherited)",
					"@executable_path/Frameworks",
				);
				MARKETING_VERSION = 1.0;
				PRODUCT_BUNDLE_IDENTIFIER = rafael.pires.NewSpaceApp;
				PRODUCT_NAME = "$(TARGET_NAME)";
				SWIFT_EMIT_LOC_STRINGS = YES;
				SWIFT_VERSION = 5.0;
				TARGETED_DEVICE_FAMILY = "1,2";
			};
			name = Debug;
		};
		2797C86E28CC38CA00CC5911 /* Release */ = {
			isa = XCBuildConfiguration;
			baseConfigurationReference = F5F7DEEA4C14A738E2588757 /* Pods-NewSpaceApp.release.xcconfig */;
			buildSettings = {
				ASSETCATALOG_COMPILER_APPICON_NAME = AppIcon;
				ASSETCATALOG_COMPILER_GLOBAL_ACCENT_COLOR_NAME = AccentColor;
				CODE_SIGN_STYLE = Automatic;
				CURRENT_PROJECT_VERSION = 1;
				DEVELOPMENT_TEAM = 56293NUR34;
				GENERATE_INFOPLIST_FILE = YES;
				INFOPLIST_FILE = NewSpaceApp/Info.plist;
				INFOPLIST_KEY_UIApplicationSupportsIndirectInputEvents = YES;
				INFOPLIST_KEY_UILaunchStoryboardName = LaunchScreen;
				INFOPLIST_KEY_UISupportedInterfaceOrientations_iPad = "UIInterfaceOrientationPortrait UIInterfaceOrientationPortraitUpsideDown UIInterfaceOrientationLandscapeLeft UIInterfaceOrientationLandscapeRight";
				INFOPLIST_KEY_UISupportedInterfaceOrientations_iPhone = "UIInterfaceOrientationPortrait UIInterfaceOrientationLandscapeLeft UIInterfaceOrientationLandscapeRight";
				LD_RUNPATH_SEARCH_PATHS = (
					"$(inherited)",
					"@executable_path/Frameworks",
				);
				MARKETING_VERSION = 1.0;
				PRODUCT_BUNDLE_IDENTIFIER = rafael.pires.NewSpaceApp;
				PRODUCT_NAME = "$(TARGET_NAME)";
				SWIFT_EMIT_LOC_STRINGS = YES;
				SWIFT_VERSION = 5.0;
				TARGETED_DEVICE_FAMILY = "1,2";
			};
			name = Release;
		};
/* End XCBuildConfiguration section */

/* Begin XCConfigurationList section */
		2797C85328CC38C900CC5911 /* Build configuration list for PBXProject "NewSpaceApp" */ = {
			isa = XCConfigurationList;
			buildConfigurations = (
				2797C86A28CC38CA00CC5911 /* Debug */,
				2797C86B28CC38CA00CC5911 /* Release */,
			);
			defaultConfigurationIsVisible = 0;
			defaultConfigurationName = Release;
		};
		2797C86C28CC38CA00CC5911 /* Build configuration list for PBXNativeTarget "NewSpaceApp" */ = {
			isa = XCConfigurationList;
			buildConfigurations = (
				2797C86D28CC38CA00CC5911 /* Debug */,
				2797C86E28CC38CA00CC5911 /* Release */,
			);
			defaultConfigurationIsVisible = 0;
			defaultConfigurationName = Release;
		};
/* End XCConfigurationList section */
	};
	rootObject = 2797C85028CC38C900CC5911 /* Project object */;
}
